lockfileVersion: '9.0'
settings:
  autoInstallPeers: true
  excludeLinksFromLockfile: false
importers:
  .:
    devDependencies:
      '@types/node':
        specifier: ^20.10.0
        version: 20.10.0
      '@typescript-eslint/eslint-plugin':
        specifier: ^6.13.0
        version: 6.13.0(@typescript-eslint/parser@6.13.0)(eslint@8.54.0)(typescript@5.3.3)
      '@typescript-eslint/parser':
        specifier: ^6.13.0
        version: 6.13.0(eslint@8.54.0)(typescript@5.3.3)
      eslint:
        specifier: ^8.54.0
        version: 8.54.0
      prettier:
        specifier: ^3.1.0
        version: 3.1.0
      typescript:
        specifier: ^5.3.3
        version: 5.3.3
  apps/devtools:
    dependencies:
      '@stream-debugger/core':
        specifier: workspace:*
        version: link:../../packages/core
      '@stream-debugger/sdk':
        specifier: workspace:*
        version: link:../../packages/sdk
      next:
        specifier: ^15.0.0
        version: 15.0.1
      react:
        specifier: ^19.0.0
        version: 19.0.0-rc-67e4a7f1-20231025
      react-dom:
        specifier: ^19.0.0
        version: 19.0.0-rc-67e4a7f1-20231025(react@19.0.0-rc-67e4a7f1-20231025)
      tailwindcss:
        specifier: ^3.3.0
        version: 3.3.0
      zustand:
        specifier: ^5.0.0
        version: 5.0.0
    devDependencies:
      '@types/react':
        specifier: ^18.2.0
        version: 18.2.0
      '@types/react-dom':
        specifier: ^18.2.0
        version: 18.2.0
      eslint:
        specifier: ^8.54.0
        version: 8.54.0
      typescript:
        specifier: ^5.3.3
        version: 5.3.3
      vitest:
        specifier: ^1.0.0
        version: 1.0.4(vitest@1.0.4)
  packages/core:
    devDependencies:
      eslint:
        specifier: ^8.54.0
        version: 8.54.0
      typescript:
        specifier: ^5.3.3
        version: 5.3.3
      vitest:
        specifier: ^1.0.0
        version: 1.0.4
  packages/sdk:
    dependencies:
      '@stream-debugger/core':
        specifier: workspace:*
        version: link:../../packages/core
    devDependencies:
      eslint:
        specifier: ^8.54.0
        version: 8.54.0
      typescript:
        specifier: ^5.3.3
        version: 5.3.3
      vitest:
        specifier: ^1.0.0
        version: 1.0.4
  examples/basic-sse:
    dependencies:
      '@stream-debugger/sdk':
        specifier: workspace:*
        version: link:../../packages/sdk
    devDependencies:
      typescript:
        specifier: ^5.3.3
        version: 5.3.3
